uuid: c44c74a4-2341-467f-b99d-6f092d4eb5e1
langcode: en
status: true
dependencies:
  content:
    - 'block_content:address:31e32a39-4f38-4535-8b45-79c299556436'
  module:
    - block_content
  theme:
    - bartik
id: addressblock
theme: bartik
region: sidebar_first
weight: 0
provider: null
plugin: 'block_content:31e32a39-4f38-4535-8b45-79c299556436'
settings:
  id: 'block_content:31e32a39-4f38-4535-8b45-79c299556436'
  label: 'Address Block'
  provider: block_content
  label_display: visible
  status: true
  info: ''
  view_mode: full
visibility: {  }
