uuid: e46f7b76-d091-43b3-af01-70b8c55313e7
langcode: en
status: true
dependencies:
  config:
    - contact.form.feedback1
  module:
    - contact_block
  theme:
    - bartik_sub
id: bartik_sub_contactblock
theme: bartik_sub
region: sidebar_second
weight: 0
provider: null
plugin: contact_block
settings:
  id: contact_block
  label: 'Contact block'
  provider: contact_block
  label_display: visible
  contact_form: feedback1
visibility: {  }
